
Microsoft Visual Studio Solution File, Format Version 12.00
# Visual Studio Version 17
VisualStudioVersion = 17.0.31919.166
MinimumVisualStudioVersion = 10.0.40219.1
Project("{FAE04EC0-301F-11D3-BF4B-00C04F79EFBC}") = "MusicCoreNet", "MusicCoreNet\MusicCoreNet.csproj", "{89A2BC04-121E-4A92-8AF7-060828A9DC0D}"
EndProject
Global
	GlobalSection(SolutionConfigurationPlatforms) = preSolution
		Debug|Any CPU = Debug|Any CPU
		Release|Any CPU = Release|Any CPU
	EndGlobalSection
	GlobalSection(ProjectConfigurationPlatforms) = postSolution
		{89A2BC04-121E-4A92-8AF7-060828A9DC0D}.Debug|Any CPU.ActiveCfg = Debug|Any CPU
		{89A2BC04-121E-4A92-8AF7-060828A9DC0D}.Debug|Any CPU.Build.0 = Debug|Any CPU
		{89A2BC04-121E-4A92-8AF7-060828A9DC0D}.Release|Any CPU.ActiveCfg = Release|Any CPU
		{89A2BC04-121E-4A92-8AF7-060828A9DC0D}.Release|Any CPU.Build.0 = Release|Any CPU
	EndGlobalSection
	GlobalSection(SolutionProperties) = preSolution
		HideSolutionNode = FALSE
	EndGlobalSection
	GlobalSection(ExtensibilityGlobals) = postSolution
		SolutionGuid = {8C09BC51-A0AC-4CF2-BA39-BA46380FB163}
	EndGlobalSection
EndGlobal
